
Microsoft Visual Studio Solution File, Format Version 12.00
# Visual Studio 15
VisualStudioVersion = 15.0.28010.2026
MinimumVisualStudioVersion = 10.0.40219.1
Project("{FAE04EC0-301F-11D3-BF4B-00C04F79EFBC}") = "NewTestWheel", "NewTestWheel\NewTestWheel.csproj", "{94C921C0-7FBD-42B8-A56F-A5F6E7469B58}"
EndProject
Global
	GlobalSection(SolutionConfigurationPlatforms) = preSolution
		Debug|Any CPU = Debug|Any CPU
		Release|Any CPU = Release|Any CPU
	EndGlobalSection
	GlobalSection(ProjectConfigurationPlatforms) = postSolution
		{94C921C0-7FBD-42B8-A56F-A5F6E7469B58}.Debug|Any CPU.ActiveCfg = Debug|Any CPU
		{94C921C0-7FBD-42B8-A56F-A5F6E7469B58}.Debug|Any CPU.Build.0 = Debug|Any CPU
		{94C921C0-7FBD-42B8-A56F-A5F6E7469B58}.Release|Any CPU.ActiveCfg = Release|Any CPU
		{94C921C0-7FBD-42B8-A56F-A5F6E7469B58}.Release|Any CPU.Build.0 = Release|Any CPU
	EndGlobalSection
	GlobalSection(SolutionProperties) = preSolution
		HideSolutionNode = FALSE
	EndGlobalSection
	GlobalSection(ExtensibilityGlobals) = postSolution
		SolutionGuid = {2B100E31-1CBA-4081-A33C-C72C83320E4E}
	EndGlobalSection
EndGlobal
